
Microsoft Visual Studio Solution File, Format Version 12.00
# Visual Studio Version 16
VisualStudioVersion = 16.0.29215.179
MinimumVisualStudioVersion = 10.0.40219.1
Project("{FAE04EC0-301F-11D3-BF4B-00C04F79EFBC}") = "SuSatisOtomasyonu", "SuSatisOtomasyonu\SuSatisOtomasyonu.csproj", "{F1528608-C3D2-431E-9642-FAF89BA0381B}"
EndProject
Global
	GlobalSection(SolutionConfigurationPlatforms) = preSolution
		Debug|Any CPU = Debug|Any CPU
		Release|Any CPU = Release|Any CPU
	EndGlobalSection
	GlobalSection(ProjectConfigurationPlatforms) = postSolution
		{F1528608-C3D2-431E-9642-FAF89BA0381B}.Debug|Any CPU.ActiveCfg = Debug|Any CPU
		{F1528608-C3D2-431E-9642-FAF89BA0381B}.Debug|Any CPU.Build.0 = Debug|Any CPU
		{F1528608-C3D2-431E-9642-FAF89BA0381B}.Release|Any CPU.ActiveCfg = Release|Any CPU
		{F1528608-C3D2-431E-9642-FAF89BA0381B}.Release|Any CPU.Build.0 = Release|Any CPU
	EndGlobalSection
	GlobalSection(SolutionProperties) = preSolution
		HideSolutionNode = FALSE
	EndGlobalSection
	GlobalSection(ExtensibilityGlobals) = postSolution
		SolutionGuid = {A7DAEF88-B40E-446E-A698-9EF2EE0F29E6}
	EndGlobalSection
EndGlobal
